// !$*UTF8*$!
{
	archiveVersion = 1;
	classes = {
	};
	objectVersion = 56;
	objects = {

/* Begin PBXBuildFile section */
		505A2B3C2C10AEF90028A1BC /* AppDelegate.swift in Sources */ = {isa = PBXBuildFile; fileRef = 505A2B3B2C10AEF90028A1BC /* AppDelegate.swift */; };
		505A2B3E2C10AEF90028A1BC /* SceneDelegate.swift in Sources */ = {isa = PBXBuildFile; fileRef = 505A2B3D2C10AEF90028A1BC /* SceneDelegate.swift */; };
		505A2B402C10AEF90028A1BC /* ViewController.swift in Sources */ = {isa = PBXBuildFile; fileRef = 505A2B3F2C10AEF90028A1BC /* ViewController.swift */; };
		505A2B432C10AEF90028A1BC /* Base in Resources */ = {isa = PBXBuildFile; fileRef = 505A2B422C10AEF90028A1BC /* Base */; };
		505A2B452C10AEFC0028A1BC /* Assets.xcassets in Resources */ = {isa = PBXBuildFile; fileRef = 505A2B442C10AEFC0028A1BC /* Assets.xcassets */; };
		505A2B482C10AEFC0028A1BC /* Base in Resources */ = {isa = PBXBuildFile; fileRef = 505A2B472C10AEFC0028A1BC /* Base */; };
		505A2B532C10AEFC0028A1BC /* firebase_gtm_adjust_ios_swiftTests.swift in Sources */ = {isa = PBXBuildFile; fileRef = 505A2B522C10AEFC0028A1BC /* firebase_gtm_adjust_ios_swiftTests.swift */; };
		505A2B5D2C10AEFC0028A1BC /* firebase_gtm_adjust_ios_swiftUITests.swift in Sources */ = {isa = PBXBuildFile; fileRef = 505A2B5C2C10AEFC0028A1BC /* firebase_gtm_adjust_ios_swiftUITests.swift */; };
		505A2B5F2C10AEFC0028A1BC /* firebase_gtm_adjust_ios_swiftUITestsLaunchTests.swift in Sources */ = {isa = PBXBuildFile; fileRef = 505A2B5E2C10AEFC0028A1BC /* firebase_gtm_adjust_ios_swiftUITestsLaunchTests.swift */; };
		505A2B6D2C10AF880028A1BC /* FirebaseAnalytics in Frameworks */ = {isa = PBXBuildFile; productRef = 505A2B6C2C10AF880028A1BC /* FirebaseAnalytics */; };
		505A2B702C10B00E0028A1BC /* GoogleTagManager in Frameworks */ = {isa = PBXBuildFile; productRef = 505A2B6F2C10B00E0028A1BC /* GoogleTagManager */; };
		505A2B722C10B0700028A1BC /* GoogleService-Info.plist in Resources */ = {isa = PBXBuildFile; fileRef = 505A2B712C10B0700028A1BC /* GoogleService-Info.plist */; };
		505A2B782C10B0E60028A1BC /* Adjust in Frameworks */ = {isa = PBXBuildFile; productRef = 505A2B772C10B0E60028A1BC /* Adjust */; };
		505A2B7A2C10B12F0028A1BC /* TestCustomFunction.swift in Sources */ = {isa = PBXBuildFile; fileRef = 505A2B792C10B12F0028A1BC /* TestCustomFunction.swift */; };
		505A2B7C2C10B14A0028A1BC /* AdjustCustomFunction.swift in Sources */ = {isa = PBXBuildFile; fileRef = 505A2B7B2C10B14A0028A1BC /* AdjustCustomFunction.swift */; };
		505A2B852C10B3D30028A1BC /* container in Resources */ = {isa = PBXBuildFile; fileRef = 505A2B842C10B3D30028A1BC /* container */; };
/* End PBXBuildFile section */

/* Begin PBXContainerItemProxy section */
		505A2B4F2C10AEFC0028A1BC /* PBXContainerItemProxy */ = {
			isa = PBXContainerItemProxy;
			containerPortal = 505A2B302C10AEF90028A1BC /* Project object */;
			proxyType = 1;
			remoteGlobalIDString = 505A2B372C10AEF90028A1BC;
			remoteInfo = "firebase-gtm-adjust-ios-swift";
		};
		505A2B592C10AEFC0028A1BC /* PBXContainerItemProxy */ = {
			isa = PBXContainerItemProxy;
			containerPortal = 505A2B302C10AEF90028A1BC /* Project object */;
			proxyType = 1;
			remoteGlobalIDString = 505A2B372C10AEF90028A1BC;
			remoteInfo = "firebase-gtm-adjust-ios-swift";
		};
/* End PBXContainerItemProxy section */

/* Begin PBXFileReference section */
		505A2B382C10AEF90028A1BC /* firebase-gtm-adjust-ios-swift.app */ = {isa = PBXFileReference; explicitFileType = wrapper.application; includeInIndex = 0; path = "firebase-gtm-adjust-ios-swift.app"; sourceTree = BUILT_PRODUCTS_DIR; };
		505A2B3B2C10AEF90028A1BC /* AppDelegate.swift */ = {isa = PBXFileReference; lastKnownFileType = sourcecode.swift; path = AppDelegate.swift; sourceTree = "<group>"; };
		505A2B3D2C10AEF90028A1BC /* SceneDelegate.swift */ = {isa = PBXFileReference; lastKnownFileType = sourcecode.swift; path = SceneDelegate.swift; sourceTree = "<group>"; };
		505A2B3F2C10AEF90028A1BC /* ViewController.swift */ = {isa = PBXFileReference; lastKnownFileType = sourcecode.swift; path = ViewController.swift; sourceTree = "<group>"; };
		505A2B422C10AEF90028A1BC /* Base */ = {isa = PBXFileReference; lastKnownFileType = file.storyboard; name = Base; path = Base.lproj/Main.storyboard; sourceTree = "<group>"; };
		505A2B442C10AEFC0028A1BC /* Assets.xcassets */ = {isa = PBXFileReference; lastKnownFileType = folder.assetcatalog; path = Assets.xcassets; sourceTree = "<group>"; };
		505A2B472C10AEFC0028A1BC /* Base */ = {isa = PBXFileReference; lastKnownFileType = file.storyboard; name = Base; path = Base.lproj/LaunchScreen.storyboard; sourceTree = "<group>"; };
		505A2B492C10AEFC0028A1BC /* Info.plist */ = {isa = PBXFileReference; lastKnownFileType = text.plist.xml; path = Info.plist; sourceTree = "<group>"; };
		505A2B4E2C10AEFC0028A1BC /* firebase-gtm-adjust-ios-swiftTests.xctest */ = {isa = PBXFileReference; explicitFileType = wrapper.cfbundle; includeInIndex = 0; path = "firebase-gtm-adjust-ios-swiftTests.xctest"; sourceTree = BUILT_PRODUCTS_DIR; };
		505A2B522C10AEFC0028A1BC /* firebase_gtm_adjust_ios_swiftTests.swift */ = {isa = PBXFileReference; lastKnownFileType = sourcecode.swift; path = firebase_gtm_adjust_ios_swiftTests.swift; sourceTree = "<group>"; };
		505A2B582C10AEFC0028A1BC /* firebase-gtm-adjust-ios-swiftUITests.xctest */ = {isa = PBXFileReference; explicitFileType = wrapper.cfbundle; includeInIndex = 0; path = "firebase-gtm-adjust-ios-swiftUITests.xctest"; sourceTree = BUILT_PRODUCTS_DIR; };
		505A2B5C2C10AEFC0028A1BC /* firebase_gtm_adjust_ios_swiftUITests.swift */ = {isa = PBXFileReference; lastKnownFileType = sourcecode.swift; path = firebase_gtm_adjust_ios_swiftUITests.swift; sourceTree = "<group>"; };
		505A2B5E2C10AEFC0028A1BC /* firebase_gtm_adjust_ios_swiftUITestsLaunchTests.swift */ = {isa = PBXFileReference; lastKnownFileType = sourcecode.swift; path = firebase_gtm_adjust_ios_swiftUITestsLaunchTests.swift; sourceTree = "<group>"; };
		505A2B712C10B0700028A1BC /* GoogleService-Info.plist */ = {isa = PBXFileReference; fileEncoding = 4; lastKnownFileType = text.plist.xml; path = "GoogleService-Info.plist"; sourceTree = "<group>"; };
		505A2B792C10B12F0028A1BC /* TestCustomFunction.swift */ = {isa = PBXFileReference; lastKnownFileType = sourcecode.swift; path = TestCustomFunction.swift; sourceTree = "<group>"; };
		505A2B7B2C10B14A0028A1BC /* AdjustCustomFunction.swift */ = {isa = PBXFileReference; lastKnownFileType = sourcecode.swift; path = AdjustCustomFunction.swift; sourceTree = "<group>"; };
		505A2B842C10B3D30028A1BC /* container */ = {isa = PBXFileReference; lastKnownFileType = folder; path = container; sourceTree = "<group>"; };
/* End PBXFileReference section */

/* Begin PBXFrameworksBuildPhase section */
		505A2B352C10AEF90028A1BC /* Frameworks */ = {
			isa = PBXFrameworksBuildPhase;
			buildActionMask = 2147483647;
			files = (
				505A2B702C10B00E0028A1BC /* GoogleTagManager in Frameworks */,
				505A2B782C10B0E60028A1BC /* Adjust in Frameworks */,
				505A2B6D2C10AF880028A1BC /* FirebaseAnalytics in Frameworks */,
			);
			runOnlyForDeploymentPostprocessing = 0;
		};
		505A2B4B2C10AEFC0028A1BC /* Frameworks */ = {
			isa = PBXFrameworksBuildPhase;
			buildActionMask = 2147483647;
			files = (
			);
			runOnlyForDeploymentPostprocessing = 0;
		};
		505A2B552C10AEFC0028A1BC /* Frameworks */ = {
			isa = PBXFrameworksBuildPhase;
			buildActionMask = 2147483647;
			files = (
			);
			runOnlyForDeploymentPostprocessing = 0;
		};
/* End PBXFrameworksBuildPhase section */

/* Begin PBXGroup section */
		505A2B2F2C10AEF90028A1BC = {
			isa = PBXGroup;
			children = (
				505A2B842C10B3D30028A1BC /* container */,
				505A2B3A2C10AEF90028A1BC /* firebase-gtm-adjust-ios-swift */,
				505A2B512C10AEFC0028A1BC /* firebase-gtm-adjust-ios-swiftTests */,
				505A2B5B2C10AEFC0028A1BC /* firebase-gtm-adjust-ios-swiftUITests */,
				505A2B392C10AEF90028A1BC /* Products */,
			);
			sourceTree = "<group>";
		};
		505A2B392C10AEF90028A1BC /* Products */ = {
			isa = PBXGroup;
			children = (
				505A2B382C10AEF90028A1BC /* firebase-gtm-adjust-ios-swift.app */,
				505A2B4E2C10AEFC0028A1BC /* firebase-gtm-adjust-ios-swiftTests.xctest */,
				505A2B582C10AEFC0028A1BC /* firebase-gtm-adjust-ios-swiftUITests.xctest */,
			);
			name = Products;
			sourceTree = "<group>";
		};
		505A2B3A2C10AEF90028A1BC /* firebase-gtm-adjust-ios-swift */ = {
			isa = PBXGroup;
			children = (
				505A2B3B2C10AEF90028A1BC /* AppDelegate.swift */,
				505A2B3D2C10AEF90028A1BC /* SceneDelegate.swift */,
				505A2B3F2C10AEF90028A1BC /* ViewController.swift */,
				505A2B412C10AEF90028A1BC /* Main.storyboard */,
				505A2B442C10AEFC0028A1BC /* Assets.xcassets */,
				505A2B462C10AEFC0028A1BC /* LaunchScreen.storyboard */,
				505A2B492C10AEFC0028A1BC /* Info.plist */,
				505A2B712C10B0700028A1BC /* GoogleService-Info.plist */,
				505A2B792C10B12F0028A1BC /* TestCustomFunction.swift */,
				505A2B7B2C10B14A0028A1BC /* AdjustCustomFunction.swift */,
			);
			path = "firebase-gtm-adjust-ios-swift";
			sourceTree = "<group>";
		};
		505A2B512C10AEFC0028A1BC /* firebase-gtm-adjust-ios-swiftTests */ = {
			isa = PBXGroup;
			children = (
				505A2B522C10AEFC0028A1BC /* firebase_gtm_adjust_ios_swiftTests.swift */,
			);
			path = "firebase-gtm-adjust-ios-swiftTests";
			sourceTree = "<group>";
		};
		505A2B5B2C10AEFC0028A1BC /* firebase-gtm-adjust-ios-swiftUITests */ = {
			isa = PBXGroup;
			children = (
				505A2B5C2C10AEFC0028A1BC /* firebase_gtm_adjust_ios_swiftUITests.swift */,
				505A2B5E2C10AEFC0028A1BC /* firebase_gtm_adjust_ios_swiftUITestsLaunchTests.swift */,
			);
			path = "firebase-gtm-adjust-ios-swiftUITests";
			sourceTree = "<group>";
		};
/* End PBXGroup section */

/* Begin PBXNativeTarget section */
		505A2B372C10AEF90028A1BC /* firebase-gtm-adjust-ios-swift */ = {
			isa = PBXNativeTarget;
			buildConfigurationList = 505A2B622C10AEFC0028A1BC /* Build configuration list for PBXNativeTarget "firebase-gtm-adjust-ios-swift" */;
			buildPhases = (
				505A2B342C10AEF90028A1BC /* Sources */,
				505A2B352C10AEF90028A1BC /* Frameworks */,
				505A2B362C10AEF90028A1BC /* Resources */,
			);
			buildRules = (
			);
			dependencies = (
			);
			name = "firebase-gtm-adjust-ios-swift";
			packageProductDependencies = (
				505A2B6C2C10AF880028A1BC /* FirebaseAnalytics */,
				505A2B6F2C10B00E0028A1BC /* GoogleTagManager */,
				505A2B772C10B0E60028A1BC /* Adjust */,
			);
			productName = "firebase-gtm-adjust-ios-swift";
			productReference = 505A2B382C10AEF90028A1BC /* firebase-gtm-adjust-ios-swift.app */;
			productType = "com.apple.product-type.application";
		};
		505A2B4D2C10AEFC0028A1BC /* firebase-gtm-adjust-ios-swiftTests */ = {
			isa = PBXNativeTarget;
			buildConfigurationList = 505A2B652C10AEFC0028A1BC /* Build configuration list for PBXNativeTarget "firebase-gtm-adjust-ios-swiftTests" */;
			buildPhases = (
				505A2B4A2C10AEFC0028A1BC /* Sources */,
				505A2B4B2C10AEFC0028A1BC /* Frameworks */,
				505A2B4C2C10AEFC0028A1BC /* Resources */,
			);
			buildRules = (
			);
			dependencies = (
				505A2B502C10AEFC0028A1BC /* PBXTargetDependency */,
			);
			name = "firebase-gtm-adjust-ios-swiftTests";
			productName = "firebase-gtm-adjust-ios-swiftTests";
			productReference = 505A2B4E2C10AEFC0028A1BC /* firebase-gtm-adjust-ios-swiftTests.xctest */;
			productType = "com.apple.product-type.bundle.unit-test";
		};
		505A2B572C10AEFC0028A1BC /* firebase-gtm-adjust-ios-swiftUITests */ = {
			isa = PBXNativeTarget;
			buildConfigurationList = 505A2B682C10AEFC0028A1BC /* Build configuration list for PBXNativeTarget "firebase-gtm-adjust-ios-swiftUITests" */;
			buildPhases = (
				505A2B542C10AEFC0028A1BC /* Sources */,
				505A2B552C10AEFC0028A1BC /* Frameworks */,
				505A2B562C10AEFC0028A1BC /* Resources */,
			);
			buildRules = (
			);
			dependencies = (
				505A2B5A2C10AEFC0028A1BC /* PBXTargetDependency */,
			);
			name = "firebase-gtm-adjust-ios-swiftUITests";
			productName = "firebase-gtm-adjust-ios-swiftUITests";
			productReference = 505A2B582C10AEFC0028A1BC /* firebase-gtm-adjust-ios-swiftUITests.xctest */;
			productType = "com.apple.product-type.bundle.ui-testing";
		};
/* End PBXNativeTarget section */

/* Begin PBXProject section */
		505A2B302C10AEF90028A1BC /* Project object */ = {
			isa = PBXProject;
			attributes = {
				BuildIndependentTargetsInParallel = 1;
				LastSwiftUpdateCheck = 1540;
				LastUpgradeCheck = 1540;
				TargetAttributes = {
					505A2B372C10AEF90028A1BC = {
						CreatedOnToolsVersion = 15.4;
					};
					505A2B4D2C10AEFC0028A1BC = {
						CreatedOnToolsVersion = 15.4;
						TestTargetID = 505A2B372C10AEF90028A1BC;
					};
					505A2B572C10AEFC0028A1BC = {
						CreatedOnToolsVersion = 15.4;
						TestTargetID = 505A2B372C10AEF90028A1BC;
					};
				};
			};
			buildConfigurationList = 505A2B332C10AEF90028A1BC /* Build configuration list for PBXProject "firebase-gtm-adjust-ios-swift" */;
			compatibilityVersion = "Xcode 14.0";
			developmentRegion = en;
			hasScannedForEncodings = 0;
			knownRegions = (
				en,
				Base,
			);
			mainGroup = 505A2B2F2C10AEF90028A1BC;
			packageReferences = (
				505A2B6B2C10AF880028A1BC /* XCRemoteSwiftPackageReference "firebase-ios-sdk" */,
				505A2B6E2C10B00E0028A1BC /* XCRemoteSwiftPackageReference "google-tag-manager-ios-sdk" */,
				505A2B762C10B0E60028A1BC /* XCRemoteSwiftPackageReference "ios_sdk" */,
			);
			productRefGroup = 505A2B392C10AEF90028A1BC /* Products */;
			projectDirPath = "";
			projectRoot = "";
			targets = (
				505A2B372C10AEF90028A1BC /* firebase-gtm-adjust-ios-swift */,
				505A2B4D2C10AEFC0028A1BC /* firebase-gtm-adjust-ios-swiftTests */,
				505A2B572C10AEFC0028A1BC /* firebase-gtm-adjust-ios-swiftUITests */,
			);
		};
/* End PBXProject section */

/* Begin PBXResourcesBuildPhase section */
		505A2B362C10AEF90028A1BC /* Resources */ = {
			isa = PBXResourcesBuildPhase;
			buildActionMask = 2147483647;
			files = (
				505A2B452C10AEFC0028A1BC /* Assets.xcassets in Resources */,
				505A2B722C10B0700028A1BC /* GoogleService-Info.plist in Resources */,
				505A2B852C10B3D30028A1BC /* container in Resources */,
				505A2B482C10AEFC0028A1BC /* Base in Resources */,
				505A2B432C10AEF90028A1BC /* Base in Resources */,
			);
			runOnlyForDeploymentPostprocessing = 0;
		};
		505A2B4C2C10AEFC0028A1BC /* Resources */ = {
			isa = PBXResourcesBuildPhase;
			buildActionMask = 2147483647;
			files = (
			);
			runOnlyForDeploymentPostprocessing = 0;
		};
		505A2B562C10AEFC0028A1BC /* Resources */ = {
			isa = PBXResourcesBuildPhase;
			buildActionMask = 2147483647;
			files = (
			);
			runOnlyForDeploymentPostprocessing = 0;
		};
/* End PBXResourcesBuildPhase section */

/* Begin PBXSourcesBuildPhase section */
		505A2B342C10AEF90028A1BC /* Sources */ = {
			isa = PBXSourcesBuildPhase;
			buildActionMask = 2147483647;
			files = (
				505A2B7A2C10B12F0028A1BC /* TestCustomFunction.swift in Sources */,
				505A2B7C2C10B14A0028A1BC /* AdjustCustomFunction.swift in Sources */,
				505A2B402C10AEF90028A1BC /* ViewController.swift in Sources */,
				505A2B3C2C10AEF90028A1BC /* AppDelegate.swift in Sources */,
				505A2B3E2C10AEF90028A1BC /* SceneDelegate.swift in Sources */,
			);
			runOnlyForDeploymentPostprocessing = 0;
		};
		505A2B4A2C10AEFC0028A1BC /* Sources */ = {
			isa = PBXSourcesBuildPhase;
			buildActionMask = 2147483647;
			files = (
				505A2B532C10AEFC0028A1BC /* firebase_gtm_adjust_ios_swiftTests.swift in Sources */,
			);
			runOnlyForDeploymentPostprocessing = 0;
		};
		505A2B542C10AEFC0028A1BC /* Sources */ = {
			isa = PBXSourcesBuildPhase;
			buildActionMask = 2147483647;
			files = (
				505A2B5D2C10AEFC0028A1BC /* firebase_gtm_adjust_ios_swiftUITests.swift in Sources */,
				505A2B5F2C10AEFC0028A1BC /* firebase_gtm_adjust_ios_swiftUITestsLaunchTests.swift in Sources */,
			);
			runOnlyForDeploymentPostprocessing = 0;
		};
/* End PBXSourcesBuildPhase section */

/* Begin PBXTargetDependency section */
		505A2B502C10AEFC0028A1BC /* PBXTargetDependency */ = {
			isa = PBXTargetDependency;
			target = 505A2B372C10AEF90028A1BC /* firebase-gtm-adjust-ios-swift */;
			targetProxy = 505A2B4F2C10AEFC0028A1BC /* PBXContainerItemProxy */;
		};
		505A2B5A2C10AEFC0028A1BC /* PBXTargetDependency */ = {
			isa = PBXTargetDependency;
			target = 505A2B372C10AEF90028A1BC /* firebase-gtm-adjust-ios-swift */;
			targetProxy = 505A2B592C10AEFC0028A1BC /* PBXContainerItemProxy */;
		};
/* End PBXTargetDependency section */

/* Begin PBXVariantGroup section */
		505A2B412C10AEF90028A1BC /* Main.storyboard */ = {
			isa = PBXVariantGroup;
			children = (
				505A2B422C10AEF90028A1BC /* Base */,
			);
			name = Main.storyboard;
			sourceTree = "<group>";
		};
		505A2B462C10AEFC0028A1BC /* LaunchScreen.storyboard */ = {
			isa = PBXVariantGroup;
			children = (
				505A2B472C10AEFC0028A1BC /* Base */,
			);
			name = LaunchScreen.storyboard;
			sourceTree = "<group>";
		};
/* End PBXVariantGroup section */

/* Begin XCBuildConfiguration section */
		505A2B602C10AEFC0028A1BC /* Debug */ = {
			isa = XCBuildConfiguration;
			buildSettings = {
				ALWAYS_SEARCH_USER_PATHS = NO;
				ASSETCATALOG_COMPILER_GENERATE_SWIFT_ASSET_SYMBOL_EXTENSIONS = YES;
				CLANG_ANALYZER_NONNULL = YES;
				CLANG_ANALYZER_NUMBER_OBJECT_CONVERSION = YES_AGGRESSIVE;
				CLANG_CXX_LANGUAGE_STANDARD = "gnu++20";
				CLANG_ENABLE_MODULES = YES;
				CLANG_ENABLE_OBJC_ARC = YES;
				CLANG_ENABLE_OBJC_WEAK = YES;
				CLANG_WARN_BLOCK_CAPTURE_AUTORELEASING = YES;
				CLANG_WARN_BOOL_CONVERSION = YES;
				CLANG_WARN_COMMA = YES;
				CLANG_WARN_CONSTANT_CONVERSION = YES;
				CLANG_WARN_DEPRECATED_OBJC_IMPLEMENTATIONS = YES;
				CLANG_WARN_DIRECT_OBJC_ISA_USAGE = YES_ERROR;
				CLANG_WARN_DOCUMENTATION_COMMENTS = YES;
				CLANG_WARN_EMPTY_BODY = YES;
				CLANG_WARN_ENUM_CONVERSION = YES;
				CLANG_WARN_INFINITE_RECURSION = YES;
				CLANG_WARN_INT_CONVERSION = YES;
				CLANG_WARN_NON_LITERAL_NULL_CONVERSION = YES;
				CLANG_WARN_OBJC_IMPLICIT_RETAIN_SELF = YES;
				CLANG_WARN_OBJC_LITERAL_CONVERSION = YES;
				CLANG_WARN_OBJC_ROOT_CLASS = YES_ERROR;
				CLANG_WARN_QUOTED_INCLUDE_IN_FRAMEWORK_HEADER = YES;
				CLANG_WARN_RANGE_LOOP_ANALYSIS = YES;
				CLANG_WARN_STRICT_PROTOTYPES = YES;
				CLANG_WARN_SUSPICIOUS_MOVE = YES;
				CLANG_WARN_UNGUARDED_AVAILABILITY = YES_AGGRESSIVE;
				CLANG_WARN_UNREACHABLE_CODE = YES;
				CLANG_WARN__DUPLICATE_METHOD_MATCH = YES;
				COPY_PHASE_STRIP = NO;
				DEBUG_INFORMATION_FORMAT = dwarf;
				ENABLE_STRICT_OBJC_MSGSEND = YES;
				ENABLE_TESTABILITY = YES;
				ENABLE_USER_SCRIPT_SANDBOXING = YES;
				GCC_C_LANGUAGE_STANDARD = gnu17;
				GCC_DYNAMIC_NO_PIC = NO;
				GCC_NO_COMMON_BLOCKS = YES;
				GCC_OPTIMIZATION_LEVEL = 0;
				GCC_PREPROCESSOR_DEFINITIONS = (
					"DEBUG=1",
					"$(inherited)",
				);
				GCC_WARN_64_TO_32_BIT_CONVERSION = YES;
				GCC_WARN_ABOUT_RETURN_TYPE = YES_ERROR;
				GCC_WARN_UNDECLARED_SELECTOR = YES;
				GCC_WARN_UNINITIALIZED_AUTOS = YES_AGGRESSIVE;
				GCC_WARN_UNUSED_FUNCTION = YES;
				GCC_WARN_UNUSED_VARIABLE = YES;
				IPHONEOS_DEPLOYMENT_TARGET = 17.5;
				LOCALIZATION_PREFERS_STRING_CATALOGS = YES;
				MTL_ENABLE_DEBUG_INFO = INCLUDE_SOURCE;
				MTL_FAST_MATH = YES;
				ONLY_ACTIVE_ARCH = YES;
				SDKROOT = iphoneos;
				SWIFT_ACTIVE_COMPILATION_CONDITIONS = "DEBUG $(inherited)";
				SWIFT_OPTIMIZATION_LEVEL = "-Onone";
			};
			name = Debug;
		};
		505A2B612C10AEFC0028A1BC /* Release */ = {
			isa = XCBuildConfiguration;
			buildSettings = {
				ALWAYS_SEARCH_USER_PATHS = NO;
				ASSETCATALOG_COMPILER_GENERATE_SWIFT_ASSET_SYMBOL_EXTENSIONS = YES;
				CLANG_ANALYZER_NONNULL = YES;
				CLANG_ANALYZER_NUMBER_OBJECT_CONVERSION = YES_AGGRESSIVE;
				CLANG_CXX_LANGUAGE_STANDARD = "gnu++20";
				CLANG_ENABLE_MODULES = YES;
				CLANG_ENABLE_OBJC_ARC = YES;
				CLANG_ENABLE_OBJC_WEAK = YES;
				CLANG_WARN_BLOCK_CAPTURE_AUTORELEASING = YES;
				CLANG_WARN_BOOL_CONVERSION = YES;
				CLANG_WARN_COMMA = YES;
				CLANG_WARN_CONSTANT_CONVERSION = YES;
				CLANG_WARN_DEPRECATED_OBJC_IMPLEMENTATIONS = YES;
				CLANG_WARN_DIRECT_OBJC_ISA_USAGE = YES_ERROR;
				CLANG_WARN_DOCUMENTATION_COMMENTS = YES;
				CLANG_WARN_EMPTY_BODY = YES;
				CLANG_WARN_ENUM_CONVERSION = YES;
				CLANG_WARN_INFINITE_RECURSION = YES;
				CLANG_WARN_INT_CONVERSION = YES;
				CLANG_WARN_NON_LITERAL_NULL_CONVERSION = YES;
				CLANG_WARN_OBJC_IMPLICIT_RETAIN_SELF = YES;
				CLANG_WARN_OBJC_LITERAL_CONVERSION = YES;
				CLANG_WARN_OBJC_ROOT_CLASS = YES_ERROR;
				CLANG_WARN_QUOTED_INCLUDE_IN_FRAMEWORK_HEADER = YES;
				CLANG_WARN_RANGE_LOOP_ANALYSIS = YES;
				CLANG_WARN_STRICT_PROTOTYPES = YES;
				CLANG_WARN_SUSPICIOUS_MOVE = YES;
				CLANG_WARN_UNGUARDED_AVAILABILITY = YES_AGGRESSIVE;
				CLANG_WARN_UNREACHABLE_CODE = YES;
				CLANG_WARN__DUPLICATE_METHOD_MATCH = YES;
				COPY_PHASE_STRIP = NO;
				DEBUG_INFORMATION_FORMAT = "dwarf-with-dsym";
				ENABLE_NS_ASSERTIONS = NO;
				ENABLE_STRICT_OBJC_MSGSEND = YES;
				ENABLE_USER_SCRIPT_SANDBOXING = YES;
				GCC_C_LANGUAGE_STANDARD = gnu17;
				GCC_NO_COMMON_BLOCKS = YES;
				GCC_WARN_64_TO_32_BIT_CONVERSION = YES;
				GCC_WARN_ABOUT_RETURN_TYPE = YES_ERROR;
				GCC_WARN_UNDECLARED_SELECTOR = YES;
				GCC_WARN_UNINITIALIZED_AUTOS = YES_AGGRESSIVE;
				GCC_WARN_UNUSED_FUNCTION = YES;
				GCC_WARN_UNUSED_VARIABLE = YES;
				IPHONEOS_DEPLOYMENT_TARGET = 17.5;
				LOCALIZATION_PREFERS_STRING_CATALOGS = YES;
				MTL_ENABLE_DEBUG_INFO = NO;
				MTL_FAST_MATH = YES;
				SDKROOT = iphoneos;
				SWIFT_COMPILATION_MODE = wholemodule;
				VALIDATE_PRODUCT = YES;
			};
			name = Release;
		};
		505A2B632C10AEFC0028A1BC /* Debug */ = {
			isa = XCBuildConfiguration;
			buildSettings = {
				ASSETCATALOG_COMPILER_APPICON_NAME = AppIcon;
				ASSETCATALOG_COMPILER_GLOBAL_ACCENT_COLOR_NAME = AccentColor;
				CODE_SIGN_STYLE = Automatic;
				CURRENT_PROJECT_VERSION = 1;
				DEVELOPMENT_TEAM = 6MSJFLH36B;
				GENERATE_INFOPLIST_FILE = YES;
				INFOPLIST_FILE = "firebase-gtm-adjust-ios-swift/Info.plist";
				INFOPLIST_KEY_UIApplicationSupportsIndirectInputEvents = YES;
				INFOPLIST_KEY_UILaunchStoryboardName = LaunchScreen;
				INFOPLIST_KEY_UIMainStoryboardFile = Main;
				INFOPLIST_KEY_UISupportedInterfaceOrientations_iPad = "UIInterfaceOrientationPortrait UIInterfaceOrientationPortraitUpsideDown UIInterfaceOrientationLandscapeLeft UIInterfaceOrientationLandscapeRight";
				INFOPLIST_KEY_UISupportedInterfaceOrientations_iPhone = "UIInterfaceOrientationPortrait UIInterfaceOrientationLandscapeLeft UIInterfaceOrientationLandscapeRight";
				LD_RUNPATH_SEARCH_PATHS = (
					"$(inherited)",
					"@executable_path/Frameworks",
				);
				MARKETING_VERSION = 1.0;
				OTHER_LDFLAGS = "-ObjC";
				PRODUCT_BUNDLE_IDENTIFIER = "edgeangel.firebase-gtm-adjust-ios-swift";
				PRODUCT_NAME = "$(TARGET_NAME)";
				SWIFT_EMIT_LOC_STRINGS = YES;
				SWIFT_VERSION = 5.0;
				TARGETED_DEVICE_FAMILY = "1,2";
			};
			name = Debug;
		};
		505A2B642C10AEFC0028A1BC /* Release */ = {
			isa = XCBuildConfiguration;
			buildSettings = {
				ASSETCATALOG_COMPILER_APPICON_NAME = AppIcon;
				ASSETCATALOG_COMPILER_GLOBAL_ACCENT_COLOR_NAME = AccentColor;
				CODE_SIGN_STYLE = Automatic;
				CURRENT_PROJECT_VERSION = 1;
				DEVELOPMENT_TEAM = 6MSJFLH36B;
				GENERATE_INFOPLIST_FILE = YES;
				INFOPLIST_FILE = "firebase-gtm-adjust-ios-swift/Info.plist";
				INFOPLIST_KEY_UIApplicationSupportsIndirectInputEvents = YES;
				INFOPLIST_KEY_UILaunchStoryboardName = LaunchScreen;
				INFOPLIST_KEY_UIMainStoryboardFile = Main;
				INFOPLIST_KEY_UISupportedInterfaceOrientations_iPad = "UIInterfaceOrientationPortrait UIInterfaceOrientationPortraitUpsideDown UIInterfaceOrientationLandscapeLeft UIInterfaceOrientationLandscapeRight";
				INFOPLIST_KEY_UISupportedInterfaceOrientations_iPhone = "UIInterfaceOrientationPortrait UIInterfaceOrientationLandscapeLeft UIInterfaceOrientationLandscapeRight";
				LD_RUNPATH_SEARCH_PATHS = (
					"$(inherited)",
					"@executable_path/Frameworks",
				);
				MARKETING_VERSION = 1.0;
				OTHER_LDFLAGS = "-ObjC";
				PRODUCT_BUNDLE_IDENTIFIER = "edgeangel.firebase-gtm-adjust-ios-swift";
				PRODUCT_NAME = "$(TARGET_NAME)";
				SWIFT_EMIT_LOC_STRINGS = YES;
				SWIFT_VERSION = 5.0;
				TARGETED_DEVICE_FAMILY = "1,2";
			};
			name = Release;
		};
		505A2B662C10AEFC0028A1BC /* Debug */ = {
			isa = XCBuildConfiguration;
			buildSettings = {
				ALWAYS_EMBED_SWIFT_STANDARD_LIBRARIES = YES;
				BUNDLE_LOADER = "$(TEST_HOST)";
				CODE_SIGN_STYLE = Automatic;
				CURRENT_PROJECT_VERSION = 1;
				DEVELOPMENT_TEAM = 6MSJFLH36B;
				GENERATE_INFOPLIST_FILE = YES;
				IPHONEOS_DEPLOYMENT_TARGET = 17.5;
				MARKETING_VERSION = 1.0;
				PRODUCT_BUNDLE_IDENTIFIER = "edgeangel.firebase-gtm-adjust-ios-swiftTests";
				PRODUCT_NAME = "$(TARGET_NAME)";
				SWIFT_EMIT_LOC_STRINGS = NO;
				SWIFT_VERSION = 5.0;
				TARGETED_DEVICE_FAMILY = "1,2";
				TEST_HOST = "$(BUILT_PRODUCTS_DIR)/firebase-gtm-adjust-ios-swift.app/$(BUNDLE_EXECUTABLE_FOLDER_PATH)/firebase-gtm-adjust-ios-swift";
			};
			name = Debug;
		};
		505A2B672C10AEFC0028A1BC /* Release */ = {
			isa = XCBuildConfiguration;
			buildSettings = {
				ALWAYS_EMBED_SWIFT_STANDARD_LIBRARIES = YES;
				BUNDLE_LOADER = "$(TEST_HOST)";
				CODE_SIGN_STYLE = Automatic;
				CURRENT_PROJECT_VERSION = 1;
				DEVELOPMENT_TEAM = 6MSJFLH36B;
				GENERATE_INFOPLIST_FILE = YES;
				IPHONEOS_DEPLOYMENT_TARGET = 17.5;
				MARKETING_VERSION = 1.0;
				PRODUCT_BUNDLE_IDENTIFIER = "edgeangel.firebase-gtm-adjust-ios-swiftTests";
				PRODUCT_NAME = "$(TARGET_NAME)";
				SWIFT_EMIT_LOC_STRINGS = NO;
				SWIFT_VERSION = 5.0;
				TARGETED_DEVICE_FAMILY = "1,2";
				TEST_HOST = "$(BUILT_PRODUCTS_DIR)/firebase-gtm-adjust-ios-swift.app/$(BUNDLE_EXECUTABLE_FOLDER_PATH)/firebase-gtm-adjust-ios-swift";
			};
			name = Release;
		};
		505A2B692C10AEFC0028A1BC /* Debug */ = {
			isa = XCBuildConfiguration;
			buildSettings = {
				ALWAYS_EMBED_SWIFT_STANDARD_LIBRARIES = YES;
				CODE_SIGN_STYLE = Automatic;
				CURRENT_PROJECT_VERSION = 1;
				DEVELOPMENT_TEAM = 6MSJFLH36B;
				GENERATE_INFOPLIST_FILE = YES;
				MARKETING_VERSION = 1.0;
				PRODUCT_BUNDLE_IDENTIFIER = "edgeangel.firebase-gtm-adjust-ios-swiftUITests";
				PRODUCT_NAME = "$(TARGET_NAME)";
				SWIFT_EMIT_LOC_STRINGS = NO;
				SWIFT_VERSION = 5.0;
				TARGETED_DEVICE_FAMILY = "1,2";
				TEST_TARGET_NAME = "firebase-gtm-adjust-ios-swift";
			};
			name = Debug;
		};
		505A2B6A2C10AEFC0028A1BC /* Release */ = {
			isa = XCBuildConfiguration;
			buildSettings = {
				ALWAYS_EMBED_SWIFT_STANDARD_LIBRARIES = YES;
				CODE_SIGN_STYLE = Automatic;
				CURRENT_PROJECT_VERSION = 1;
				DEVELOPMENT_TEAM = 6MSJFLH36B;
				GENERATE_INFOPLIST_FILE = YES;
				MARKETING_VERSION = 1.0;
				PRODUCT_BUNDLE_IDENTIFIER = "edgeangel.firebase-gtm-adjust-ios-swiftUITests";
				PRODUCT_NAME = "$(TARGET_NAME)";
				SWIFT_EMIT_LOC_STRINGS = NO;
				SWIFT_VERSION = 5.0;
				TARGETED_DEVICE_FAMILY = "1,2";
				TEST_TARGET_NAME = "firebase-gtm-adjust-ios-swift";
			};
			name = Release;
		};
/* End XCBuildConfiguration section */

/* Begin XCConfigurationList section */
		505A2B332C10AEF90028A1BC /* Build configuration list for PBXProject "firebase-gtm-adjust-ios-swift" */ = {
			isa = XCConfigurationList;
			buildConfigurations = (
				505A2B602C10AEFC0028A1BC /* Debug */,
				505A2B612C10AEFC0028A1BC /* Release */,
			);
			defaultConfigurationIsVisible = 0;
			defaultConfigurationName = Release;
		};
		505A2B622C10AEFC0028A1BC /* Build configuration list for PBXNativeTarget "firebase-gtm-adjust-ios-swift" */ = {
			isa = XCConfigurationList;
			buildConfigurations = (
				505A2B632C10AEFC0028A1BC /* Debug */,
				505A2B642C10AEFC0028A1BC /* Release */,
			);
			defaultConfigurationIsVisible = 0;
			defaultConfigurationName = Release;
		};
		505A2B652C10AEFC0028A1BC /* Build configuration list for PBXNativeTarget "firebase-gtm-adjust-ios-swiftTests" */ = {
			isa = XCConfigurationList;
			buildConfigurations = (
				505A2B662C10AEFC0028A1BC /* Debug */,
				505A2B672C10AEFC0028A1BC /* Release */,
			);
			defaultConfigurationIsVisible = 0;
			defaultConfigurationName = Release;
		};
		505A2B682C10AEFC0028A1BC /* Build configuration list for PBXNativeTarget "firebase-gtm-adjust-ios-swiftUITests" */ = {
			isa = XCConfigurationList;
			buildConfigurations = (
				505A2B692C10AEFC0028A1BC /* Debug */,
				505A2B6A2C10AEFC0028A1BC /* Release */,
			);
			defaultConfigurationIsVisible = 0;
			defaultConfigurationName = Release;
		};
/* End XCConfigurationList section */

/* Begin XCRemoteSwiftPackageReference section */
		505A2B6B2C10AF880028A1BC /* XCRemoteSwiftPackageReference "firebase-ios-sdk" */ = {
			isa = XCRemoteSwiftPackageReference;
			repositoryURL = "https://github.com/firebase/firebase-ios-sdk";
			requirement = {
				kind = upToNextMajorVersion;
				minimumVersion = 10.27.0;
			};
		};
		505A2B6E2C10B00E0028A1BC /* XCRemoteSwiftPackageReference "google-tag-manager-ios-sdk" */ = {
			isa = XCRemoteSwiftPackageReference;
			repositoryURL = "https://github.com/googleanalytics/google-tag-manager-ios-sdk.git";
			requirement = {
				kind = upToNextMajorVersion;
				minimumVersion = 7.4.6;
			};
		};
		505A2B762C10B0E60028A1BC /* XCRemoteSwiftPackageReference "ios_sdk" */ = {
			isa = XCRemoteSwiftPackageReference;
			repositoryURL = "https://github.com/adjust/ios_sdk";
			requirement = {
				branch = master;
				kind = branch;
			};
		};
/* End XCRemoteSwiftPackageReference section */

/* Begin XCSwiftPackageProductDependency section */
		505A2B6C2C10AF880028A1BC /* FirebaseAnalytics */ = {
			isa = XCSwiftPackageProductDependency;
			package = 505A2B6B2C10AF880028A1BC /* XCRemoteSwiftPackageReference "firebase-ios-sdk" */;
			productName = FirebaseAnalytics;
		};
		505A2B6F2C10B00E0028A1BC /* GoogleTagManager */ = {
			isa = XCSwiftPackageProductDependency;
			package = 505A2B6E2C10B00E0028A1BC /* XCRemoteSwiftPackageReference "google-tag-manager-ios-sdk" */;
			productName = GoogleTagManager;
		};
		505A2B772C10B0E60028A1BC /* Adjust */ = {
			isa = XCSwiftPackageProductDependency;
			package = 505A2B762C10B0E60028A1BC /* XCRemoteSwiftPackageReference "ios_sdk" */;
			productName = Adjust;
		};
/* End XCSwiftPackageProductDependency section */
	};
	rootObject = 505A2B302C10AEF90028A1BC /* Project object */;
}
